<?xml version="1.0" encoding="utf-8"?>
<Project ToolsVersion="4.0" xmlns="http://schemas.microsoft.com/developer/msbuild/2003">
  <ItemGroup>
    <Filter Include="Source Files">
      <UniqueIdentifier>{4FC737F1-C7A5-4376-A066-2A32D752A2FF}</UniqueIdentifier>
      <Extensions>cpp;c;cc;cxx;c++;cppm;ixx;def;odl;idl;hpj;bat;asm;asmx</Extensions>
    </Filter>
    <Filter Include="Resource Files">
      <UniqueIdentifier>{67DA6AB6-F800-4c08-8B7A-83BB121AAD01}</UniqueIdentifier>
      <Extensions>rc;ico;cur;bmp;dlg;rc2;rct;bin;rgs;gif;jpg;jpeg;jpe;resx;tiff;tif;png;wav;mfcribbon-ms</Extensions>
    </Filter>
    <Filter Include="Shaders">
      <UniqueIdentifier>{ce0a9577-4512-4bec-90b9-54461ef57b50}</UniqueIdentifier>
    </Filter>
    <Filter Include="Objects">
      <UniqueIdentifier>{de17842b-7296-4788-ba02-f5a2591114ba}</UniqueIdentifier>
    </Filter>
    <Filter Include="Rendering">
      <UniqueIdentifier>{aad740ee-34a7-46a6-b619-fe6dcef9026e}</UniqueIdentifier>
    </Filter>
    <Filter Include="LibHeaders">
      <UniqueIdentifier>{dff55a7a-3228-4f55-9791-d607436a3d29}</UniqueIdentifier>
    </Filter>
    <Filter Include="UI">
      <UniqueIdentifier>{154bf140-5c1b-4555-99a7-d394e97ae723}</UniqueIdentifier>
    </Filter>
  </ItemGroup>
  <ItemGroup>
    <ClCompile Include="main.cpp">
      <Filter>Source Files</Filter>
    </ClCompile>
    <ClCompile Include="objects\camera.cpp">
      <Filter>Objects</Filter>
    </ClCompile>
    <ClCompile Include="objects\shader_program.cpp">
      <Filter>Objects</Filter>
    </ClCompile>
    <ClCompile Include="rendering\sphere.cpp">
      <Filter>Rendering</Filter>
    </ClCompile>
    <ClCompile Include="rendering\render.cpp">
      <Filter>Rendering</Filter>
    </ClCompile>
    <ClCompile Include="glad.c">
      <Filter>LibHeaders</Filter>
    </ClCompile>
    <ClCompile Include="stb.cpp">
      <Filter>Source Files</Filter>
    </ClCompile>
    <ClCompile Include="rendering\cube_map.cpp">
      <Filter>Rendering</Filter>
    </ClCompile>
    <ClCompile Include="rendering\program.cpp">
      <Filter>Rendering</Filter>
    </ClCompile>
    <ClCompile Include="rendering\planet.cpp">
      <Filter>Rendering</Filter>
    </ClCompile>
    <ClCompile Include="rendering\quad.cpp">
      <Filter>Rendering</Filter>
    </ClCompile>
    <ClCompile Include="ui\rectangle.cpp">
      <Filter>UI</Filter>
    </ClCompile>
    <ClCompile Include="ui\glyph.cpp">
      <Filter>UI</Filter>
    </ClCompile>
    <ClCompile Include="ui\text_box.cpp">
      <Filter>UI</Filter>
    </ClCompile>
    <ClCompile Include="ui\element.cpp">
      <Filter>UI</Filter>
    </ClCompile>
    <ClCompile Include="ui\button.cpp">
      <Filter>UI</Filter>
    </ClCompile>
    <ClCompile Include="ui\text_field.cpp">
      <Filter>UI</Filter>
    </ClCompile>
    <ClCompile Include="rendering\hdr.cpp">
      <Filter>Rendering</Filter>
    </ClCompile>
  </ItemGroup>
  <ItemGroup>
    <ClInclude Include="objects\camera.h">
      <Filter>Objects</Filter>
    </ClInclude>
    <ClInclude Include="objects\shader_program.h">
      <Filter>Objects</Filter>
    </ClInclude>
    <ClInclude Include="rendering\sphere.h">
      <Filter>Rendering</Filter>
    </ClInclude>
    <ClInclude Include="rendering\render.h">
      <Filter>Rendering</Filter>
    </ClInclude>
    <ClInclude Include="stb_image.h">
      <Filter>LibHeaders</Filter>
    </ClInclude>
    <ClInclude Include="rendering\cube_map.h">
      <Filter>Rendering</Filter>
    </ClInclude>
    <ClInclude Include="rendering\program.h">
      <Filter>Rendering</Filter>
    </ClInclude>
    <ClInclude Include="rendering\planet.h">
      <Filter>Rendering</Filter>
    </ClInclude>
    <ClInclude Include="objects\mouse_picker.h">
      <Filter>Objects</Filter>
    </ClInclude>
    <ClInclude Include="rendering\quad.h">
      <Filter>Rendering</Filter>
    </ClInclude>
    <ClInclude Include="ui\rectangle.h">
      <Filter>UI</Filter>
    </ClInclude>
    <ClInclude Include="ui\text_box.h">
      <Filter>UI</Filter>
    </ClInclude>
    <ClInclude Include="ui\glyph.h">
      <Filter>UI</Filter>
    </ClInclude>
    <ClInclude Include="ui\element.h">
      <Filter>UI</Filter>
    </ClInclude>
    <ClInclude Include="ui\button.h">
      <Filter>UI</Filter>
    </ClInclude>
    <ClInclude Include="ui\text_field.h">
      <Filter>UI</Filter>
    </ClInclude>
    <ClInclude Include="rendering\hdr.h">
      <Filter>Rendering</Filter>
    </ClInclude>
  </ItemGroup>
  <ItemGroup>
    <None Include="shaders\star_v_shader.glsl">
      <Filter>Shaders</Filter>
    </None>
    <None Include="shaders\star_f_shader.glsl">
      <Filter>Shaders</Filter>
    </None>
    <None Include="shaders\cubemap_v_shader.glsl">
      <Filter>Shaders</Filter>
    </None>
    <None Include="shaders\cubemap_f_shader.glsl">
      <Filter>Shaders</Filter>
    </None>
    <None Include="shaders\planet_f_shader.glsl">
      <Filter>Shaders</Filter>
    </None>
    <None Include="shaders\planet_v_shader.glsl">
      <Filter>Shaders</Filter>
    </None>
    <None Include="shaders\ui_v_shader.glsl">
      <Filter>Shaders</Filter>
    </None>
    <None Include="shaders\ui_f_shader.glsl">
      <Filter>Shaders</Filter>
    </None>
    <None Include="shaders\text_v_shader.glsl">
      <Filter>Shaders</Filter>
    </None>
    <None Include="shaders\text_f_shader.glsl">
      <Filter>Shaders</Filter>
    </None>
    <None Include="shaders\blur_v_shader.glsl">
      <Filter>Shaders</Filter>
    </None>
    <None Include="shaders\blur_f_shader.glsl">
      <Filter>Shaders</Filter>
    </None>
    <None Include="shaders\screen_v_shader.glsl">
      <Filter>Shaders</Filter>
    </None>
    <None Include="shaders\screen_f_shader.glsl">
      <Filter>Shaders</Filter>
    </None>
  </ItemGroup>
  <ItemGroup>
    <Image Include="resources\background.jpg">
      <Filter>Resource Files</Filter>
    </Image>
  </ItemGroup>
  <ItemGroup>
    <Font Include="resources\arial.ttf">
      <Filter>Resource Files</Filter>
    </Font>
    <Font Include="resources\Roboto-Medium.ttf">
      <Filter>Resource Files</Filter>
    </Font>
  </ItemGroup>
</Project>